
Microsoft Visual Studio Solution File, Format Version 12.00
# Visual Studio Version 17
VisualStudioVersion = 17.1.32210.238
MinimumVisualStudioVersion = 10.0.40219.1
Project("{F184B08F-C81C-45F6-A57F-5ABD9991F28F}") = "learnVB", "learnVB.vbproj", "{5AFF5826-F6EA-41FB-8D84-9C5A3BE8F6E6}"
EndProject
Global
	GlobalSection(SolutionConfigurationPlatforms) = preSolution
		Debug|Any CPU = Debug|Any CPU
		Release|Any CPU = Release|Any CPU
	EndGlobalSection
	GlobalSection(ProjectConfigurationPlatforms) = postSolution
		{5AFF5826-F6EA-41FB-8D84-9C5A3BE8F6E6}.Debug|Any CPU.ActiveCfg = Debug|Any CPU
		{5AFF5826-F6EA-41FB-8D84-9C5A3BE8F6E6}.Debug|Any CPU.Build.0 = Debug|Any CPU
		{5AFF5826-F6EA-41FB-8D84-9C5A3BE8F6E6}.Release|Any CPU.ActiveCfg = Release|Any CPU
		{5AFF5826-F6EA-41FB-8D84-9C5A3BE8F6E6}.Release|Any CPU.Build.0 = Release|Any CPU
	EndGlobalSection
	GlobalSection(SolutionProperties) = preSolution
		HideSolutionNode = FALSE
	EndGlobalSection
	GlobalSection(ExtensibilityGlobals) = postSolution
		SolutionGuid = {86DC66B8-4D34-47CA-8594-B30852C33553}
	EndGlobalSection
EndGlobal
